# This file is autogenerated, do not edit; changes may be undone by the next 'dep ensure'.


[[projects]]
  branch = "master"
  name = "github.com/golang/glog"
  packages = ["."]
  revision = "23def4e6c14b4da8ac2ed8007337bc5eb5007998"

[[projects]]
  name = "github.com/simplereach/timeutils"
  packages = ["."]
  revision = "1a719258b86a08630289b86902ab16817ba641e9"
  version = "v1.2.0"

[[projects]]
  branch = "v2"
  name = "gopkg.in/mgo.v2"
  packages = [
    "bson",
    "internal/json"
  ]
  revision = "3f83fa5005286a7fe593b055f0d7771a7dce4655"

[[projects]]
  name = "gopkg.in/yaml.v2"
  packages = ["."]
  revision = "5420a8b6744d3b0345ab293f6fcba19c978f1183"
  version = "v2.2.1"

[solve-meta]
  analyzer-name = "dep"
  analyzer-version = 1
  inputs-digest = "1a2b206e93a4ce0608c0d517ec850779c0e318e674c49c122146258922e26fde"
  solver-name = "gps-cdcl"
  solver-version = 1
